// !$*UTF8*$!
{
	archiveVersion = 1;
	classes = {
	};
	objectVersion = 50;
	objects = {

/* Begin PBXBuildFile section */
		0EA3211D22B1DF4F0086E874 /* AppDelegate.swift in Sources */ = {isa = PBXBuildFile; fileRef = 0EA3211C22B1DF4F0086E874 /* AppDelegate.swift */; };
		0EA3212422B1DF500086E874 /* Assets.xcassets in Resources */ = {isa = PBXBuildFile; fileRef = 0EA3212322B1DF500086E874 /* Assets.xcassets */; };
		0EA3212722B1DF500086E874 /* LaunchScreen.storyboard in Resources */ = {isa = PBXBuildFile; fileRef = 0EA3212522B1DF500086E874 /* LaunchScreen.storyboard */; };
		0EA3213222B1DF500086E874 /* EventsTests.swift in Sources */ = {isa = PBXBuildFile; fileRef = 0EA3213122B1DF500086E874 /* EventsTests.swift */; };
		0EA3213D22B1DF500086E874 /* EventsUITests.swift in Sources */ = {isa = PBXBuildFile; fileRef = 0EA3213C22B1DF500086E874 /* EventsUITests.swift */; };
		0EA3214D22B1E03B0086E874 /* ListVC.swift in Sources */ = {isa = PBXBuildFile; fileRef = 0EA3214C22B1E03B0086E874 /* ListVC.swift */; };
		0EA3214F22B1E0530086E874 /* ListViewModel.swift in Sources */ = {isa = PBXBuildFile; fileRef = 0EA3214E22B1E0530086E874 /* ListViewModel.swift */; };
		0EA3215222B1F0690086E874 /* EventService.swift in Sources */ = {isa = PBXBuildFile; fileRef = 0EA3215122B1F0690086E874 /* EventService.swift */; };
		0EA3215622B1F0D40086E874 /* EventModel.swift in Sources */ = {isa = PBXBuildFile; fileRef = 0EA3215522B1F0D40086E874 /* EventModel.swift */; };
		0EA3215822B1F2970086E874 /* HttpHelp.swift in Sources */ = {isa = PBXBuildFile; fileRef = 0EA3215722B1F2970086E874 /* HttpHelp.swift */; };
		0EA3215B22B1FDE30086E874 /* ListCell.swift in Sources */ = {isa = PBXBuildFile; fileRef = 0EA3215922B1FDE30086E874 /* ListCell.swift */; };
		0EA3215C22B1FDE30086E874 /* ListCell.xib in Resources */ = {isa = PBXBuildFile; fileRef = 0EA3215A22B1FDE30086E874 /* ListCell.xib */; };
		0EA3215E22B202B20086E874 /* Extensions.swift in Sources */ = {isa = PBXBuildFile; fileRef = 0EA3215D22B202B20086E874 /* Extensions.swift */; };
		0EE6EFF522B33CB800AA2058 /* Protocols.swift in Sources */ = {isa = PBXBuildFile; fileRef = 0EE6EFF422B33CB800AA2058 /* Protocols.swift */; };
		5EC45A4C22B2AE2900A00E3E /* DetailVC.swift in Sources */ = {isa = PBXBuildFile; fileRef = 5EC45A4B22B2AE2900A00E3E /* DetailVC.swift */; };
		5EC45A4E22B2B74000A00E3E /* StretchHeader.swift in Sources */ = {isa = PBXBuildFile; fileRef = 5EC45A4D22B2B74000A00E3E /* StretchHeader.swift */; };
		5EC45A5022B2F39600A00E3E /* Reachability.swift in Sources */ = {isa = PBXBuildFile; fileRef = 5EC45A4F22B2F39600A00E3E /* Reachability.swift */; };
		5EC45A5222B30B4B00A00E3E /* DetailViewModel.swift in Sources */ = {isa = PBXBuildFile; fileRef = 5EC45A5122B30B4B00A00E3E /* DetailViewModel.swift */; };
		7300152C75AF075311AF1681 /* Pods_Events.framework in Frameworks */ = {isa = PBXBuildFile; fileRef = 2F18277B450BC693CF47F54E /* Pods_Events.framework */; };
		CDCE0CF51A42C9AF60BAFA9F /* Pods_EventsTests.framework in Frameworks */ = {isa = PBXBuildFile; fileRef = A30FB69B2CFD3217364EBD4B /* Pods_EventsTests.framework */; };
		E74387A42E42F47FA34386EB /* Pods_EventsUITests.framework in Frameworks */ = {isa = PBXBuildFile; fileRef = 7530048F08A0E612D3D682AA /* Pods_EventsUITests.framework */; };
/* End PBXBuildFile section */

/* Begin PBXContainerItemProxy section */
		0EA3212E22B1DF500086E874 /* PBXContainerItemProxy */ = {
			isa = PBXContainerItemProxy;
			containerPortal = 0EA3211122B1DF4F0086E874 /* Project object */;
			proxyType = 1;
			remoteGlobalIDString = 0EA3211822B1DF4F0086E874;
			remoteInfo = Events;
		};
		0EA3213922B1DF500086E874 /* PBXContainerItemProxy */ = {
			isa = PBXContainerItemProxy;
			containerPortal = 0EA3211122B1DF4F0086E874 /* Project object */;
			proxyType = 1;
			remoteGlobalIDString = 0EA3211822B1DF4F0086E874;
			remoteInfo = Events;
		};
/* End PBXContainerItemProxy section */

/* Begin PBXFileReference section */
		0EA3211922B1DF4F0086E874 /* Events.app */ = {isa = PBXFileReference; explicitFileType = wrapper.application; includeInIndex = 0; path = Events.app; sourceTree = BUILT_PRODUCTS_DIR; };
		0EA3211C22B1DF4F0086E874 /* AppDelegate.swift */ = {isa = PBXFileReference; lastKnownFileType = sourcecode.swift; path = AppDelegate.swift; sourceTree = "<group>"; };
		0EA3212322B1DF500086E874 /* Assets.xcassets */ = {isa = PBXFileReference; lastKnownFileType = folder.assetcatalog; path = Assets.xcassets; sourceTree = "<group>"; };
		0EA3212622B1DF500086E874 /* Base */ = {isa = PBXFileReference; lastKnownFileType = file.storyboard; name = Base; path = Base.lproj/LaunchScreen.storyboard; sourceTree = "<group>"; };
		0EA3212822B1DF500086E874 /* Info.plist */ = {isa = PBXFileReference; lastKnownFileType = text.plist.xml; path = Info.plist; sourceTree = "<group>"; };
		0EA3212D22B1DF500086E874 /* EventsTests.xctest */ = {isa = PBXFileReference; explicitFileType = wrapper.cfbundle; includeInIndex = 0; path = EventsTests.xctest; sourceTree = BUILT_PRODUCTS_DIR; };
		0EA3213122B1DF500086E874 /* EventsTests.swift */ = {isa = PBXFileReference; lastKnownFileType = sourcecode.swift; path = EventsTests.swift; sourceTree = "<group>"; };
		0EA3213322B1DF500086E874 /* Info.plist */ = {isa = PBXFileReference; lastKnownFileType = text.plist.xml; path = Info.plist; sourceTree = "<group>"; };
		0EA3213822B1DF500086E874 /* EventsUITests.xctest */ = {isa = PBXFileReference; explicitFileType = wrapper.cfbundle; includeInIndex = 0; path = EventsUITests.xctest; sourceTree = BUILT_PRODUCTS_DIR; };
		0EA3213C22B1DF500086E874 /* EventsUITests.swift */ = {isa = PBXFileReference; lastKnownFileType = sourcecode.swift; path = EventsUITests.swift; sourceTree = "<group>"; };
		0EA3213E22B1DF500086E874 /* Info.plist */ = {isa = PBXFileReference; lastKnownFileType = text.plist.xml; path = Info.plist; sourceTree = "<group>"; };
		0EA3214C22B1E03B0086E874 /* ListVC.swift */ = {isa = PBXFileReference; lastKnownFileType = sourcecode.swift; path = ListVC.swift; sourceTree = "<group>"; };
		0EA3214E22B1E0530086E874 /* ListViewModel.swift */ = {isa = PBXFileReference; lastKnownFileType = sourcecode.swift; path = ListViewModel.swift; sourceTree = "<group>"; };
		0EA3215122B1F0690086E874 /* EventService.swift */ = {isa = PBXFileReference; lastKnownFileType = sourcecode.swift; path = EventService.swift; sourceTree = "<group>"; };
		0EA3215522B1F0D40086E874 /* EventModel.swift */ = {isa = PBXFileReference; lastKnownFileType = sourcecode.swift; path = EventModel.swift; sourceTree = "<group>"; };
		0EA3215722B1F2970086E874 /* HttpHelp.swift */ = {isa = PBXFileReference; fileEncoding = 4; lastKnownFileType = sourcecode.swift; path = HttpHelp.swift; sourceTree = "<group>"; };
		0EA3215922B1FDE30086E874 /* ListCell.swift */ = {isa = PBXFileReference; lastKnownFileType = sourcecode.swift; path = ListCell.swift; sourceTree = "<group>"; };
		0EA3215A22B1FDE30086E874 /* ListCell.xib */ = {isa = PBXFileReference; lastKnownFileType = file.xib; path = ListCell.xib; sourceTree = "<group>"; };
		0EA3215D22B202B20086E874 /* Extensions.swift */ = {isa = PBXFileReference; lastKnownFileType = sourcecode.swift; path = Extensions.swift; sourceTree = "<group>"; };
		0EE6EFF422B33CB800AA2058 /* Protocols.swift */ = {isa = PBXFileReference; lastKnownFileType = sourcecode.swift; path = Protocols.swift; sourceTree = "<group>"; };
		2F18277B450BC693CF47F54E /* Pods_Events.framework */ = {isa = PBXFileReference; explicitFileType = wrapper.framework; includeInIndex = 0; path = Pods_Events.framework; sourceTree = BUILT_PRODUCTS_DIR; };
		5EC45A4B22B2AE2900A00E3E /* DetailVC.swift */ = {isa = PBXFileReference; lastKnownFileType = sourcecode.swift; path = DetailVC.swift; sourceTree = "<group>"; };
		5EC45A4D22B2B74000A00E3E /* StretchHeader.swift */ = {isa = PBXFileReference; lastKnownFileType = sourcecode.swift; path = StretchHeader.swift; sourceTree = "<group>"; };
		5EC45A4F22B2F39600A00E3E /* Reachability.swift */ = {isa = PBXFileReference; lastKnownFileType = sourcecode.swift; path = Reachability.swift; sourceTree = "<group>"; };
		5EC45A5122B30B4B00A00E3E /* DetailViewModel.swift */ = {isa = PBXFileReference; lastKnownFileType = sourcecode.swift; path = DetailViewModel.swift; sourceTree = "<group>"; };
		7530048F08A0E612D3D682AA /* Pods_EventsUITests.framework */ = {isa = PBXFileReference; explicitFileType = wrapper.framework; includeInIndex = 0; path = Pods_EventsUITests.framework; sourceTree = BUILT_PRODUCTS_DIR; };
		78E9F51C1886214AFBCDFFAA /* Pods-EventsUITests.release.xcconfig */ = {isa = PBXFileReference; includeInIndex = 1; lastKnownFileType = text.xcconfig; name = "Pods-EventsUITests.release.xcconfig"; path = "Target Support Files/Pods-EventsUITests/Pods-EventsUITests.release.xcconfig"; sourceTree = "<group>"; };
		8F0F75F7B1E348D6B6E4D809 /* Pods-EventsTests.debug.xcconfig */ = {isa = PBXFileReference; includeInIndex = 1; lastKnownFileType = text.xcconfig; name = "Pods-EventsTests.debug.xcconfig"; path = "Target Support Files/Pods-EventsTests/Pods-EventsTests.debug.xcconfig"; sourceTree = "<group>"; };
		A30FB69B2CFD3217364EBD4B /* Pods_EventsTests.framework */ = {isa = PBXFileReference; explicitFileType = wrapper.framework; includeInIndex = 0; path = Pods_EventsTests.framework; sourceTree = BUILT_PRODUCTS_DIR; };
		BAD94C30956CA7405DF29A19 /* Pods-EventsUITests.debug.xcconfig */ = {isa = PBXFileReference; includeInIndex = 1; lastKnownFileType = text.xcconfig; name = "Pods-EventsUITests.debug.xcconfig"; path = "Target Support Files/Pods-EventsUITests/Pods-EventsUITests.debug.xcconfig"; sourceTree = "<group>"; };
		C3044E7CCB98271FD49B4D17 /* Pods-Events.debug.xcconfig */ = {isa = PBXFileReference; includeInIndex = 1; lastKnownFileType = text.xcconfig; name = "Pods-Events.debug.xcconfig"; path = "Target Support Files/Pods-Events/Pods-Events.debug.xcconfig"; sourceTree = "<group>"; };
		C6349171D966B536314C3735 /* Pods-Events.release.xcconfig */ = {isa = PBXFileReference; includeInIndex = 1; lastKnownFileType = text.xcconfig; name = "Pods-Events.release.xcconfig"; path = "Target Support Files/Pods-Events/Pods-Events.release.xcconfig"; sourceTree = "<group>"; };
		F7549897A49240179063AD33 /* Pods-EventsTests.release.xcconfig */ = {isa = PBXFileReference; includeInIndex = 1; lastKnownFileType = text.xcconfig; name = "Pods-EventsTests.release.xcconfig"; path = "Target Support Files/Pods-EventsTests/Pods-EventsTests.release.xcconfig"; sourceTree = "<group>"; };
/* End PBXFileReference section */

/* Begin PBXFrameworksBuildPhase section */
		0EA3211622B1DF4F0086E874 /* Frameworks */ = {
			isa = PBXFrameworksBuildPhase;
			buildActionMask = 2147483647;
			files = (
				7300152C75AF075311AF1681 /* Pods_Events.framework in Frameworks */,
			);
			runOnlyForDeploymentPostprocessing = 0;
		};
		0EA3212A22B1DF500086E874 /* Frameworks */ = {
			isa = PBXFrameworksBuildPhase;
			buildActionMask = 2147483647;
			files = (
				CDCE0CF51A42C9AF60BAFA9F /* Pods_EventsTests.framework in Frameworks */,
			);
			runOnlyForDeploymentPostprocessing = 0;
		};
		0EA3213522B1DF500086E874 /* Frameworks */ = {
			isa = PBXFrameworksBuildPhase;
			buildActionMask = 2147483647;
			files = (
				E74387A42E42F47FA34386EB /* Pods_EventsUITests.framework in Frameworks */,
			);
			runOnlyForDeploymentPostprocessing = 0;
		};
/* End PBXFrameworksBuildPhase section */

/* Begin PBXGroup section */
		0EA3211022B1DF4F0086E874 = {
			isa = PBXGroup;
			children = (
				0EA3211B22B1DF4F0086E874 /* Events */,
				0EA3213022B1DF500086E874 /* EventsTests */,
				0EA3213B22B1DF500086E874 /* EventsUITests */,
				0EA3211A22B1DF4F0086E874 /* Products */,
				28E7B1D38D8C135E854CCA8C /* Pods */,
				8E287D9FD9A68F84C55907AB /* Frameworks */,
			);
			sourceTree = "<group>";
		};
		0EA3211A22B1DF4F0086E874 /* Products */ = {
			isa = PBXGroup;
			children = (
				0EA3211922B1DF4F0086E874 /* Events.app */,
				0EA3212D22B1DF500086E874 /* EventsTests.xctest */,
				0EA3213822B1DF500086E874 /* EventsUITests.xctest */,
			);
			name = Products;
			sourceTree = "<group>";
		};
		0EA3211B22B1DF4F0086E874 /* Events */ = {
			isa = PBXGroup;
			children = (
				0EA3214B22B1DFA50086E874 /* List */,
				5EC45A4A22B2AE1000A00E3E /* Detail */,
				0EA3215022B1E05A0086E874 /* Common */,
				0EE6EFF622B33CC200AA2058 /* Lib */,
				0EA3211C22B1DF4F0086E874 /* AppDelegate.swift */,
				0EA3212322B1DF500086E874 /* Assets.xcassets */,
				0EA3212522B1DF500086E874 /* LaunchScreen.storyboard */,
				0EA3212822B1DF500086E874 /* Info.plist */,
			);
			path = Events;
			sourceTree = "<group>";
		};
		0EA3213022B1DF500086E874 /* EventsTests */ = {
			isa = PBXGroup;
			children = (
				0EA3213122B1DF500086E874 /* EventsTests.swift */,
				0EA3213322B1DF500086E874 /* Info.plist */,
			);
			path = EventsTests;
			sourceTree = "<group>";
		};
		0EA3213B22B1DF500086E874 /* EventsUITests */ = {
			isa = PBXGroup;
			children = (
				0EA3213C22B1DF500086E874 /* EventsUITests.swift */,
				0EA3213E22B1DF500086E874 /* Info.plist */,
			);
			path = EventsUITests;
			sourceTree = "<group>";
		};
		0EA3214B22B1DFA50086E874 /* List */ = {
			isa = PBXGroup;
			children = (
				0EA3215522B1F0D40086E874 /* EventModel.swift */,
				0EA3214C22B1E03B0086E874 /* ListVC.swift */,
				0EA3214E22B1E0530086E874 /* ListViewModel.swift */,
				0EA3215922B1FDE30086E874 /* ListCell.swift */,
				0EA3215A22B1FDE30086E874 /* ListCell.xib */,
			);
			path = List;
			sourceTree = "<group>";
		};
		0EA3215022B1E05A0086E874 /* Common */ = {
			isa = PBXGroup;
			children = (
				0EA3215122B1F0690086E874 /* EventService.swift */,
				0EA3215D22B202B20086E874 /* Extensions.swift */,
				0EE6EFF422B33CB800AA2058 /* Protocols.swift */,
				5EC45A4D22B2B74000A00E3E /* StretchHeader.swift */,
			);
			path = Common;
			sourceTree = "<group>";
		};
		0EE6EFF622B33CC200AA2058 /* Lib */ = {
			isa = PBXGroup;
			children = (
				0EA3215722B1F2970086E874 /* HttpHelp.swift */,
				5EC45A4F22B2F39600A00E3E /* Reachability.swift */,
			);
			path = Lib;
			sourceTree = "<group>";
		};
		28E7B1D38D8C135E854CCA8C /* Pods */ = {
			isa = PBXGroup;
			children = (
				C3044E7CCB98271FD49B4D17 /* Pods-Events.debug.xcconfig */,
				C6349171D966B536314C3735 /* Pods-Events.release.xcconfig */,
				8F0F75F7B1E348D6B6E4D809 /* Pods-EventsTests.debug.xcconfig */,
				F7549897A49240179063AD33 /* Pods-EventsTests.release.xcconfig */,
				BAD94C30956CA7405DF29A19 /* Pods-EventsUITests.debug.xcconfig */,
				78E9F51C1886214AFBCDFFAA /* Pods-EventsUITests.release.xcconfig */,
			);
			path = Pods;
			sourceTree = "<group>";
		};
		5EC45A4A22B2AE1000A00E3E /* Detail */ = {
			isa = PBXGroup;
			children = (
				5EC45A4B22B2AE2900A00E3E /* DetailVC.swift */,
				5EC45A5122B30B4B00A00E3E /* DetailViewModel.swift */,
			);
			path = Detail;
			sourceTree = "<group>";
		};
		8E287D9FD9A68F84C55907AB /* Frameworks */ = {
			isa = PBXGroup;
			children = (
				2F18277B450BC693CF47F54E /* Pods_Events.framework */,
				A30FB69B2CFD3217364EBD4B /* Pods_EventsTests.framework */,
				7530048F08A0E612D3D682AA /* Pods_EventsUITests.framework */,
			);
			name = Frameworks;
			sourceTree = "<group>";
		};
/* End PBXGroup section */

/* Begin PBXNativeTarget section */
		0EA3211822B1DF4F0086E874 /* Events */ = {
			isa = PBXNativeTarget;
			buildConfigurationList = 0EA3214122B1DF500086E874 /* Build configuration list for PBXNativeTarget "Events" */;
			buildPhases = (
				2034F6CD41AEA0AE96F0F6ED /* [CP] Check Pods Manifest.lock */,
				0EA3211522B1DF4F0086E874 /* Sources */,
				0EA3211622B1DF4F0086E874 /* Frameworks */,
				0EA3211722B1DF4F0086E874 /* Resources */,
				B517C6235334CFA03B93BFE6 /* [CP] Embed Pods Frameworks */,
			);
			buildRules = (
			);
			dependencies = (
			);
			name = Events;
			productName = Events;
			productReference = 0EA3211922B1DF4F0086E874 /* Events.app */;
			productType = "com.apple.product-type.application";
		};
		0EA3212C22B1DF500086E874 /* EventsTests */ = {
			isa = PBXNativeTarget;
			buildConfigurationList = 0EA3214422B1DF500086E874 /* Build configuration list for PBXNativeTarget "EventsTests" */;
			buildPhases = (
				ED51A9C6F7541A983274648A /* [CP] Check Pods Manifest.lock */,
				0EA3212922B1DF500086E874 /* Sources */,
				0EA3212A22B1DF500086E874 /* Frameworks */,
				0EA3212B22B1DF500086E874 /* Resources */,
			);
			buildRules = (
			);
			dependencies = (
				0EA3212F22B1DF500086E874 /* PBXTargetDependency */,
			);
			name = EventsTests;
			productName = EventsTests;
			productReference = 0EA3212D22B1DF500086E874 /* EventsTests.xctest */;
			productType = "com.apple.product-type.bundle.unit-test";
		};
		0EA3213722B1DF500086E874 /* EventsUITests */ = {
			isa = PBXNativeTarget;
			buildConfigurationList = 0EA3214722B1DF500086E874 /* Build configuration list for PBXNativeTarget "EventsUITests" */;
			buildPhases = (
				3439F3FAFD4EE41EA82F9CD8 /* [CP] Check Pods Manifest.lock */,
				0EA3213422B1DF500086E874 /* Sources */,
				0EA3213522B1DF500086E874 /* Frameworks */,
				0EA3213622B1DF500086E874 /* Resources */,
			);
			buildRules = (
			);
			dependencies = (
				0EA3213A22B1DF500086E874 /* PBXTargetDependency */,
			);
			name = EventsUITests;
			productName = EventsUITests;
			productReference = 0EA3213822B1DF500086E874 /* EventsUITests.xctest */;
			productType = "com.apple.product-type.bundle.ui-testing";
		};
/* End PBXNativeTarget section */

/* Begin PBXProject section */
		0EA3211122B1DF4F0086E874 /* Project object */ = {
			isa = PBXProject;
			attributes = {
				LastSwiftUpdateCheck = 1020;
				LastUpgradeCheck = 1020;
				ORGANIZATIONNAME = "Mike Saradeth";
				TargetAttributes = {
					0EA3211822B1DF4F0086E874 = {
						CreatedOnToolsVersion = 10.2.1;
					};
					0EA3212C22B1DF500086E874 = {
						CreatedOnToolsVersion = 10.2.1;
						TestTargetID = 0EA3211822B1DF4F0086E874;
					};
					0EA3213722B1DF500086E874 = {
						CreatedOnToolsVersion = 10.2.1;
						TestTargetID = 0EA3211822B1DF4F0086E874;
					};
				};
			};
			buildConfigurationList = 0EA3211422B1DF4F0086E874 /* Build configuration list for PBXProject "Events" */;
			compatibilityVersion = "Xcode 9.3";
			developmentRegion = en;
			hasScannedForEncodings = 0;
			knownRegions = (
				en,
				Base,
			);
			mainGroup = 0EA3211022B1DF4F0086E874;
			productRefGroup = 0EA3211A22B1DF4F0086E874 /* Products */;
			projectDirPath = "";
			projectRoot = "";
			targets = (
				0EA3211822B1DF4F0086E874 /* Events */,
				0EA3212C22B1DF500086E874 /* EventsTests */,
				0EA3213722B1DF500086E874 /* EventsUITests */,
			);
		};
/* End PBXProject section */

/* Begin PBXResourcesBuildPhase section */
		0EA3211722B1DF4F0086E874 /* Resources */ = {
			isa = PBXResourcesBuildPhase;
			buildActionMask = 2147483647;
			files = (
				0EA3212722B1DF500086E874 /* LaunchScreen.storyboard in Resources */,
				0EA3215C22B1FDE30086E874 /* ListCell.xib in Resources */,
				0EA3212422B1DF500086E874 /* Assets.xcassets in Resources */,
			);
			runOnlyForDeploymentPostprocessing = 0;
		};
		0EA3212B22B1DF500086E874 /* Resources */ = {
			isa = PBXResourcesBuildPhase;
			buildActionMask = 2147483647;
			files = (
			);
			runOnlyForDeploymentPostprocessing = 0;
		};
		0EA3213622B1DF500086E874 /* Resources */ = {
			isa = PBXResourcesBuildPhase;
			buildActionMask = 2147483647;
			files = (
			);
			runOnlyForDeploymentPostprocessing = 0;
		};
/* End PBXResourcesBuildPhase section */

/* Begin PBXShellScriptBuildPhase section */
		2034F6CD41AEA0AE96F0F6ED /* [CP] Check Pods Manifest.lock */ = {
			isa = PBXShellScriptBuildPhase;
			buildActionMask = 2147483647;
			files = (
			);
			inputFileListPaths = (
			);
			inputPaths = (
				"${PODS_PODFILE_DIR_PATH}/Podfile.lock",
				"${PODS_ROOT}/Manifest.lock",
			);
			name = "[CP] Check Pods Manifest.lock";
			outputFileListPaths = (
			);
			outputPaths = (
				"$(DERIVED_FILE_DIR)/Pods-Events-checkManifestLockResult.txt",
			);
			runOnlyForDeploymentPostprocessing = 0;
			shellPath = /bin/sh;
			shellScript = "diff \"${PODS_PODFILE_DIR_PATH}/Podfile.lock\" \"${PODS_ROOT}/Manifest.lock\" > /dev/null\nif [ $? != 0 ] ; then\n    # print error to STDERR\n    echo \"error: The sandbox is not in sync with the Podfile.lock. Run 'pod install' or update your CocoaPods installation.\" >&2\n    exit 1\nfi\n# This output is used by Xcode 'outputs' to avoid re-running this script phase.\necho \"SUCCESS\" > \"${SCRIPT_OUTPUT_FILE_0}\"\n";
			showEnvVarsInLog = 0;
		};
		3439F3FAFD4EE41EA82F9CD8 /* [CP] Check Pods Manifest.lock */ = {
			isa = PBXShellScriptBuildPhase;
			buildActionMask = 2147483647;
			files = (
			);
			inputFileListPaths = (
			);
			inputPaths = (
				"${PODS_PODFILE_DIR_PATH}/Podfile.lock",
				"${PODS_ROOT}/Manifest.lock",
			);
			name = "[CP] Check Pods Manifest.lock";
			outputFileListPaths = (
			);
			outputPaths = (
				"$(DERIVED_FILE_DIR)/Pods-EventsUITests-checkManifestLockResult.txt",
			);
			runOnlyForDeploymentPostprocessing = 0;
			shellPath = /bin/sh;
			shellScript = "diff \"${PODS_PODFILE_DIR_PATH}/Podfile.lock\" \"${PODS_ROOT}/Manifest.lock\" > /dev/null\nif [ $? != 0 ] ; then\n    # print error to STDERR\n    echo \"error: The sandbox is not in sync with the Podfile.lock. Run 'pod install' or update your CocoaPods installation.\" >&2\n    exit 1\nfi\n# This output is used by Xcode 'outputs' to avoid re-running this script phase.\necho \"SUCCESS\" > \"${SCRIPT_OUTPUT_FILE_0}\"\n";
			showEnvVarsInLog = 0;
		};
		B517C6235334CFA03B93BFE6 /* [CP] Embed Pods Frameworks */ = {
			isa = PBXShellScriptBuildPhase;
			buildActionMask = 2147483647;
			files = (
			);
			inputFileListPaths = (
			);
			inputPaths = (
				"${PODS_ROOT}/Target Support Files/Pods-Events/Pods-Events-frameworks.sh",
				"${BUILT_PRODUCTS_DIR}/Alamofire/Alamofire.framework",
			);
			name = "[CP] Embed Pods Frameworks";
			outputFileListPaths = (
			);
			outputPaths = (
				"${TARGET_BUILD_DIR}/${FRAMEWORKS_FOLDER_PATH}/Alamofire.framework",
			);
			runOnlyForDeploymentPostprocessing = 0;
			shellPath = /bin/sh;
			shellScript = "\"${PODS_ROOT}/Target Support Files/Pods-Events/Pods-Events-frameworks.sh\"\n";
			showEnvVarsInLog = 0;
		};
		ED51A9C6F7541A983274648A /* [CP] Check Pods Manifest.lock */ = {
			isa = PBXShellScriptBuildPhase;
			buildActionMask = 2147483647;
			files = (
			);
			inputFileListPaths = (
			);
			inputPaths = (
				"${PODS_PODFILE_DIR_PATH}/Podfile.lock",
				"${PODS_ROOT}/Manifest.lock",
			);
			name = "[CP] Check Pods Manifest.lock";
			outputFileListPaths = (
			);
			outputPaths = (
				"$(DERIVED_FILE_DIR)/Pods-EventsTests-checkManifestLockResult.txt",
			);
			runOnlyForDeploymentPostprocessing = 0;
			shellPath = /bin/sh;
			shellScript = "diff \"${PODS_PODFILE_DIR_PATH}/Podfile.lock\" \"${PODS_ROOT}/Manifest.lock\" > /dev/null\nif [ $? != 0 ] ; then\n    # print error to STDERR\n    echo \"error: The sandbox is not in sync with the Podfile.lock. Run 'pod install' or update your CocoaPods installation.\" >&2\n    exit 1\nfi\n# This output is used by Xcode 'outputs' to avoid re-running this script phase.\necho \"SUCCESS\" > \"${SCRIPT_OUTPUT_FILE_0}\"\n";
			showEnvVarsInLog = 0;
		};
/* End PBXShellScriptBuildPhase section */

/* Begin PBXSourcesBuildPhase section */
		0EA3211522B1DF4F0086E874 /* Sources */ = {
			isa = PBXSourcesBuildPhase;
			buildActionMask = 2147483647;
			files = (
				0EA3215822B1F2970086E874 /* HttpHelp.swift in Sources */,
				0EA3215E22B202B20086E874 /* Extensions.swift in Sources */,
				0EA3214D22B1E03B0086E874 /* ListVC.swift in Sources */,
				0EA3214F22B1E0530086E874 /* ListViewModel.swift in Sources */,
				0EA3215222B1F0690086E874 /* EventService.swift in Sources */,
				5EC45A4C22B2AE2900A00E3E /* DetailVC.swift in Sources */,
				5EC45A4E22B2B74000A00E3E /* StretchHeader.swift in Sources */,
				5EC45A5222B30B4B00A00E3E /* DetailViewModel.swift in Sources */,
				5EC45A5022B2F39600A00E3E /* Reachability.swift in Sources */,
				0EE6EFF522B33CB800AA2058 /* Protocols.swift in Sources */,
				0EA3215B22B1FDE30086E874 /* ListCell.swift in Sources */,
				0EA3215622B1F0D40086E874 /* EventModel.swift in Sources */,
				0EA3211D22B1DF4F0086E874 /* AppDelegate.swift in Sources */,
			);
			runOnlyForDeploymentPostprocessing = 0;
		};
		0EA3212922B1DF500086E874 /* Sources */ = {
			isa = PBXSourcesBuildPhase;
			buildActionMask = 2147483647;
			files = (
				0EA3213222B1DF500086E874 /* EventsTests.swift in Sources */,
			);
			runOnlyForDeploymentPostprocessing = 0;
		};
		0EA3213422B1DF500086E874 /* Sources */ = {
			isa = PBXSourcesBuildPhase;
			buildActionMask = 2147483647;
			files = (
				0EA3213D22B1DF500086E874 /* EventsUITests.swift in Sources */,
			);
			runOnlyForDeploymentPostprocessing = 0;
		};
/* End PBXSourcesBuildPhase section */

/* Begin PBXTargetDependency section */
		0EA3212F22B1DF500086E874 /* PBXTargetDependency */ = {
			isa = PBXTargetDependency;
			target = 0EA3211822B1DF4F0086E874 /* Events */;
			targetProxy = 0EA3212E22B1DF500086E874 /* PBXContainerItemProxy */;
		};
		0EA3213A22B1DF500086E874 /* PBXTargetDependency */ = {
			isa = PBXTargetDependency;
			target = 0EA3211822B1DF4F0086E874 /* Events */;
			targetProxy = 0EA3213922B1DF500086E874 /* PBXContainerItemProxy */;
		};
/* End PBXTargetDependency section */

/* Begin PBXVariantGroup section */
		0EA3212522B1DF500086E874 /* LaunchScreen.storyboard */ = {
			isa = PBXVariantGroup;
			children = (
				0EA3212622B1DF500086E874 /* Base */,
			);
			name = LaunchScreen.storyboard;
			sourceTree = "<group>";
		};
/* End PBXVariantGroup section */

/* Begin XCBuildConfiguration section */
		0EA3213F22B1DF500086E874 /* Debug */ = {
			isa = XCBuildConfiguration;
			buildSettings = {
				ALWAYS_SEARCH_USER_PATHS = NO;
				CLANG_ANALYZER_NONNULL = YES;
				CLANG_ANALYZER_NUMBER_OBJECT_CONVERSION = YES_AGGRESSIVE;
				CLANG_CXX_LANGUAGE_STANDARD = "gnu++14";
				CLANG_CXX_LIBRARY = "libc++";
				CLANG_ENABLE_MODULES = YES;
				CLANG_ENABLE_OBJC_ARC = YES;
				CLANG_ENABLE_OBJC_WEAK = YES;
				CLANG_WARN_BLOCK_CAPTURE_AUTORELEASING = YES;
				CLANG_WARN_BOOL_CONVERSION = YES;
				CLANG_WARN_COMMA = YES;
				CLANG_WARN_CONSTANT_CONVERSION = YES;
				CLANG_WARN_DEPRECATED_OBJC_IMPLEMENTATIONS = YES;
				CLANG_WARN_DIRECT_OBJC_ISA_USAGE = YES_ERROR;
				CLANG_WARN_DOCUMENTATION_COMMENTS = YES;
				CLANG_WARN_EMPTY_BODY = YES;
				CLANG_WARN_ENUM_CONVERSION = YES;
				CLANG_WARN_INFINITE_RECURSION = YES;
				CLANG_WARN_INT_CONVERSION = YES;
				CLANG_WARN_NON_LITERAL_NULL_CONVERSION = YES;
				CLANG_WARN_OBJC_IMPLICIT_RETAIN_SELF = YES;
				CLANG_WARN_OBJC_LITERAL_CONVERSION = YES;
				CLANG_WARN_OBJC_ROOT_CLASS = YES_ERROR;
				CLANG_WARN_RANGE_LOOP_ANALYSIS = YES;
				CLANG_WARN_STRICT_PROTOTYPES = YES;
				CLANG_WARN_SUSPICIOUS_MOVE = YES;
				CLANG_WARN_UNGUARDED_AVAILABILITY = YES_AGGRESSIVE;
				CLANG_WARN_UNREACHABLE_CODE = YES;
				CLANG_WARN__DUPLICATE_METHOD_MATCH = YES;
				CODE_SIGN_IDENTITY = "iPhone Developer";
				COPY_PHASE_STRIP = NO;
				DEBUG_INFORMATION_FORMAT = dwarf;
				ENABLE_STRICT_OBJC_MSGSEND = YES;
				ENABLE_TESTABILITY = YES;
				GCC_C_LANGUAGE_STANDARD = gnu11;
				GCC_DYNAMIC_NO_PIC = NO;
				GCC_NO_COMMON_BLOCKS = YES;
				GCC_OPTIMIZATION_LEVEL = 0;
				GCC_PREPROCESSOR_DEFINITIONS = (
					"DEBUG=1",
					"$(inherited)",
				);
				GCC_WARN_64_TO_32_BIT_CONVERSION = YES;
				GCC_WARN_ABOUT_RETURN_TYPE = YES_ERROR;
				GCC_WARN_UNDECLARED_SELECTOR = YES;
				GCC_WARN_UNINITIALIZED_AUTOS = YES_AGGRESSIVE;
				GCC_WARN_UNUSED_FUNCTION = YES;
				GCC_WARN_UNUSED_VARIABLE = YES;
				IPHONEOS_DEPLOYMENT_TARGET = 12.2;
				MTL_ENABLE_DEBUG_INFO = INCLUDE_SOURCE;
				MTL_FAST_MATH = YES;
				ONLY_ACTIVE_ARCH = YES;
				SDKROOT = iphoneos;
				SWIFT_ACTIVE_COMPILATION_CONDITIONS = DEBUG;
				SWIFT_OPTIMIZATION_LEVEL = "-Onone";
			};
			name = Debug;
		};
		0EA3214022B1DF500086E874 /* Release */ = {
			isa = XCBuildConfiguration;
			buildSettings = {
				ALWAYS_SEARCH_USER_PATHS = NO;
				CLANG_ANALYZER_NONNULL = YES;
				CLANG_ANALYZER_NUMBER_OBJECT_CONVERSION = YES_AGGRESSIVE;
				CLANG_CXX_LANGUAGE_STANDARD = "gnu++14";
				CLANG_CXX_LIBRARY = "libc++";
				CLANG_ENABLE_MODULES = YES;
				CLANG_ENABLE_OBJC_ARC = YES;
				CLANG_ENABLE_OBJC_WEAK = YES;
				CLANG_WARN_BLOCK_CAPTURE_AUTORELEASING = YES;
				CLANG_WARN_BOOL_CONVERSION = YES;
				CLANG_WARN_COMMA = YES;
				CLANG_WARN_CONSTANT_CONVERSION = YES;
				CLANG_WARN_DEPRECATED_OBJC_IMPLEMENTATIONS = YES;
				CLANG_WARN_DIRECT_OBJC_ISA_USAGE = YES_ERROR;
				CLANG_WARN_DOCUMENTATION_COMMENTS = YES;
				CLANG_WARN_EMPTY_BODY = YES;
				CLANG_WARN_ENUM_CONVERSION = YES;
				CLANG_WARN_INFINITE_RECURSION = YES;
				CLANG_WARN_INT_CONVERSION = YES;
				CLANG_WARN_NON_LITERAL_NULL_CONVERSION = YES;
				CLANG_WARN_OBJC_IMPLICIT_RETAIN_SELF = YES;
				CLANG_WARN_OBJC_LITERAL_CONVERSION = YES;
				CLANG_WARN_OBJC_ROOT_CLASS = YES_ERROR;
				CLANG_WARN_RANGE_LOOP_ANALYSIS = YES;
				CLANG_WARN_STRICT_PROTOTYPES = YES;
				CLANG_WARN_SUSPICIOUS_MOVE = YES;
				CLANG_WARN_UNGUARDED_AVAILABILITY = YES_AGGRESSIVE;
				CLANG_WARN_UNREACHABLE_CODE = YES;
				CLANG_WARN__DUPLICATE_METHOD_MATCH = YES;
				CODE_SIGN_IDENTITY = "iPhone Developer";
				COPY_PHASE_STRIP = NO;
				DEBUG_INFORMATION_FORMAT = "dwarf-with-dsym";
				ENABLE_NS_ASSERTIONS = NO;
				ENABLE_STRICT_OBJC_MSGSEND = YES;
				GCC_C_LANGUAGE_STANDARD = gnu11;
				GCC_NO_COMMON_BLOCKS = YES;
				GCC_WARN_64_TO_32_BIT_CONVERSION = YES;
				GCC_WARN_ABOUT_RETURN_TYPE = YES_ERROR;
				GCC_WARN_UNDECLARED_SELECTOR = YES;
				GCC_WARN_UNINITIALIZED_AUTOS = YES_AGGRESSIVE;
				GCC_WARN_UNUSED_FUNCTION = YES;
				GCC_WARN_UNUSED_VARIABLE = YES;
				IPHONEOS_DEPLOYMENT_TARGET = 12.2;
				MTL_ENABLE_DEBUG_INFO = NO;
				MTL_FAST_MATH = YES;
				SDKROOT = iphoneos;
				SWIFT_COMPILATION_MODE = wholemodule;
				SWIFT_OPTIMIZATION_LEVEL = "-O";
				VALIDATE_PRODUCT = YES;
			};
			name = Release;
		};
		0EA3214222B1DF500086E874 /* Debug */ = {
			isa = XCBuildConfiguration;
			baseConfigurationReference = C3044E7CCB98271FD49B4D17 /* Pods-Events.debug.xcconfig */;
			buildSettings = {
				ASSETCATALOG_COMPILER_APPICON_NAME = AppIcon;
				CODE_SIGN_STYLE = Automatic;
				DEVELOPMENT_TEAM = QAJNW7456U;
				INFOPLIST_FILE = Events/Info.plist;
				IPHONEOS_DEPLOYMENT_TARGET = 11.0;
				LD_RUNPATH_SEARCH_PATHS = (
					"$(inherited)",
					"@executable_path/Frameworks",
				);
				PRODUCT_BUNDLE_IDENTIFIER = "Mike-Saradeth.Events";
				PRODUCT_NAME = "$(TARGET_NAME)";
				SWIFT_VERSION = 5.0;
				TARGETED_DEVICE_FAMILY = "1,2";
			};
			name = Debug;
		};
		0EA3214322B1DF500086E874 /* Release */ = {
			isa = XCBuildConfiguration;
			baseConfigurationReference = C6349171D966B536314C3735 /* Pods-Events.release.xcconfig */;
			buildSettings = {
				ASSETCATALOG_COMPILER_APPICON_NAME = AppIcon;
				CODE_SIGN_STYLE = Automatic;
				DEVELOPMENT_TEAM = QAJNW7456U;
				INFOPLIST_FILE = Events/Info.plist;
				IPHONEOS_DEPLOYMENT_TARGET = 11.0;
				LD_RUNPATH_SEARCH_PATHS = (
					"$(inherited)",
					"@executable_path/Frameworks",
				);
				PRODUCT_BUNDLE_IDENTIFIER = "Mike-Saradeth.Events";
				PRODUCT_NAME = "$(TARGET_NAME)";
				SWIFT_VERSION = 5.0;
				TARGETED_DEVICE_FAMILY = "1,2";
			};
			name = Release;
		};
		0EA3214522B1DF500086E874 /* Debug */ = {
			isa = XCBuildConfiguration;
			baseConfigurationReference = 8F0F75F7B1E348D6B6E4D809 /* Pods-EventsTests.debug.xcconfig */;
			buildSettings = {
				ALWAYS_EMBED_SWIFT_STANDARD_LIBRARIES = YES;
				BUNDLE_LOADER = "$(TEST_HOST)";
				CODE_SIGN_STYLE = Automatic;
				DEVELOPMENT_TEAM = QAJNW7456U;
				INFOPLIST_FILE = EventsTests/Info.plist;
				LD_RUNPATH_SEARCH_PATHS = (
					"$(inherited)",
					"@executable_path/Frameworks",
					"@loader_path/Frameworks",
				);
				PRODUCT_BUNDLE_IDENTIFIER = "Mike-Saradeth.EventsTests";
				PRODUCT_NAME = "$(TARGET_NAME)";
				SWIFT_VERSION = 5.0;
				TARGETED_DEVICE_FAMILY = "1,2";
				TEST_HOST = "$(BUILT_PRODUCTS_DIR)/Events.app/Events";
			};
			name = Debug;
		};
		0EA3214622B1DF500086E874 /* Release */ = {
			isa = XCBuildConfiguration;
			baseConfigurationReference = F7549897A49240179063AD33 /* Pods-EventsTests.release.xcconfig */;
			buildSettings = {
				ALWAYS_EMBED_SWIFT_STANDARD_LIBRARIES = YES;
				BUNDLE_LOADER = "$(TEST_HOST)";
				CODE_SIGN_STYLE = Automatic;
				DEVELOPMENT_TEAM = QAJNW7456U;
				INFOPLIST_FILE = EventsTests/Info.plist;
				LD_RUNPATH_SEARCH_PATHS = (
					"$(inherited)",
					"@executable_path/Frameworks",
					"@loader_path/Frameworks",
				);
				PRODUCT_BUNDLE_IDENTIFIER = "Mike-Saradeth.EventsTests";
				PRODUCT_NAME = "$(TARGET_NAME)";
				SWIFT_VERSION = 5.0;
				TARGETED_DEVICE_FAMILY = "1,2";
				TEST_HOST = "$(BUILT_PRODUCTS_DIR)/Events.app/Events";
			};
			name = Release;
		};
		0EA3214822B1DF500086E874 /* Debug */ = {
			isa = XCBuildConfiguration;
			baseConfigurationReference = BAD94C30956CA7405DF29A19 /* Pods-EventsUITests.debug.xcconfig */;
			buildSettings = {
				ALWAYS_EMBED_SWIFT_STANDARD_LIBRARIES = YES;
				CODE_SIGN_STYLE = Automatic;
				DEVELOPMENT_TEAM = QAJNW7456U;
				INFOPLIST_FILE = EventsUITests/Info.plist;
				LD_RUNPATH_SEARCH_PATHS = (
					"$(inherited)",
					"@executable_path/Frameworks",
					"@loader_path/Frameworks",
				);
				PRODUCT_BUNDLE_IDENTIFIER = "Mike-Saradeth.EventsUITests";
				PRODUCT_NAME = "$(TARGET_NAME)";
				SWIFT_VERSION = 5.0;
				TARGETED_DEVICE_FAMILY = "1,2";
				TEST_TARGET_NAME = Events;
			};
			name = Debug;
		};
		0EA3214922B1DF500086E874 /* Release */ = {
			isa = XCBuildConfiguration;
			baseConfigurationReference = 78E9F51C1886214AFBCDFFAA /* Pods-EventsUITests.release.xcconfig */;
			buildSettings = {
				ALWAYS_EMBED_SWIFT_STANDARD_LIBRARIES = YES;
				CODE_SIGN_STYLE = Automatic;
				DEVELOPMENT_TEAM = QAJNW7456U;
				INFOPLIST_FILE = EventsUITests/Info.plist;
				LD_RUNPATH_SEARCH_PATHS = (
					"$(inherited)",
					"@executable_path/Frameworks",
					"@loader_path/Frameworks",
				);
				PRODUCT_BUNDLE_IDENTIFIER = "Mike-Saradeth.EventsUITests";
				PRODUCT_NAME = "$(TARGET_NAME)";
				SWIFT_VERSION = 5.0;
				TARGETED_DEVICE_FAMILY = "1,2";
				TEST_TARGET_NAME = Events;
			};
			name = Release;
		};
/* End XCBuildConfiguration section */

/* Begin XCConfigurationList section */
		0EA3211422B1DF4F0086E874 /* Build configuration list for PBXProject "Events" */ = {
			isa = XCConfigurationList;
			buildConfigurations = (
				0EA3213F22B1DF500086E874 /* Debug */,
				0EA3214022B1DF500086E874 /* Release */,
			);
			defaultConfigurationIsVisible = 0;
			defaultConfigurationName = Release;
		};
		0EA3214122B1DF500086E874 /* Build configuration list for PBXNativeTarget "Events" */ = {
			isa = XCConfigurationList;
			buildConfigurations = (
				0EA3214222B1DF500086E874 /* Debug */,
				0EA3214322B1DF500086E874 /* Release */,
			);
			defaultConfigurationIsVisible = 0;
			defaultConfigurationName = Release;
		};
		0EA3214422B1DF500086E874 /* Build configuration list for PBXNativeTarget "EventsTests" */ = {
			isa = XCConfigurationList;
			buildConfigurations = (
				0EA3214522B1DF500086E874 /* Debug */,
				0EA3214622B1DF500086E874 /* Release */,
			);
			defaultConfigurationIsVisible = 0;
			defaultConfigurationName = Release;
		};
		0EA3214722B1DF500086E874 /* Build configuration list for PBXNativeTarget "EventsUITests" */ = {
			isa = XCConfigurationList;
			buildConfigurations = (
				0EA3214822B1DF500086E874 /* Debug */,
				0EA3214922B1DF500086E874 /* Release */,
			);
			defaultConfigurationIsVisible = 0;
			defaultConfigurationName = Release;
		};
/* End XCConfigurationList section */
	};
	rootObject = 0EA3211122B1DF4F0086E874 /* Project object */;
}
